
Microsoft Visual Studio Solution File, Format Version 12.00
# Visual Studio Version 16
VisualStudioVersion = 16.0.30413.136
MinimumVisualStudioVersion = 10.0.40219.1
Project("{FAE04EC0-301F-11D3-BF4B-00C04F79EFBC}") = "Julia2", "Julia2.csproj", "{C756E547-48A9-48AC-A2B1-EF56E40C67F5}"
EndProject
Global
	GlobalSection(SolutionConfigurationPlatforms) = preSolution
		Debug|Any CPU = Debug|Any CPU
		Release|Any CPU = Release|Any CPU
	EndGlobalSection
	GlobalSection(ProjectConfigurationPlatforms) = postSolution
		{C756E547-48A9-48AC-A2B1-EF56E40C67F5}.Debug|Any CPU.ActiveCfg = Debug|Any CPU
		{C756E547-48A9-48AC-A2B1-EF56E40C67F5}.Debug|Any CPU.Build.0 = Debug|Any CPU
		{C756E547-48A9-48AC-A2B1-EF56E40C67F5}.Release|Any CPU.ActiveCfg = Release|Any CPU
		{C756E547-48A9-48AC-A2B1-EF56E40C67F5}.Release|Any CPU.Build.0 = Release|Any CPU
	EndGlobalSection
	GlobalSection(SolutionProperties) = preSolution
		HideSolutionNode = FALSE
	EndGlobalSection
	GlobalSection(ExtensibilityGlobals) = postSolution
		SolutionGuid = {E0E0E6BB-B187-41C9-B3F4-E3C345961133}
	EndGlobalSection
EndGlobal
